
Microsoft Visual Studio Solution File, Format Version 12.00
# Visual Studio Version 16
VisualStudioVersion = 16.0.31729.503
MinimumVisualStudioVersion = 10.0.40219.1
Project("{FAE04EC0-301F-11D3-BF4B-00C04F79EFBC}") = "Dog Flea", "Dog Flea\Dog Flea.csproj", "{81B804B4-2054-4BA8-BDE3-341A6E8E7DD3}"
EndProject
Global
	GlobalSection(SolutionConfigurationPlatforms) = preSolution
		Debug|Any CPU = Debug|Any CPU
		Release|Any CPU = Release|Any CPU
	EndGlobalSection
	GlobalSection(ProjectConfigurationPlatforms) = postSolution
		{81B804B4-2054-4BA8-BDE3-341A6E8E7DD3}.Debug|Any CPU.ActiveCfg = Debug|Any CPU
		{81B804B4-2054-4BA8-BDE3-341A6E8E7DD3}.Debug|Any CPU.Build.0 = Debug|Any CPU
		{81B804B4-2054-4BA8-BDE3-341A6E8E7DD3}.Release|Any CPU.ActiveCfg = Release|Any CPU
		{81B804B4-2054-4BA8-BDE3-341A6E8E7DD3}.Release|Any CPU.Build.0 = Release|Any CPU
	EndGlobalSection
	GlobalSection(SolutionProperties) = preSolution
		HideSolutionNode = FALSE
	EndGlobalSection
	GlobalSection(ExtensibilityGlobals) = postSolution
		SolutionGuid = {650D8730-2703-4D53-96BC-D136C3178B12}
	EndGlobalSection
EndGlobal
